PODS:
  - Alamofire (4.9.1)
  - SwiftDebouncer (0.1.2)

DEPENDENCIES:
  - Alamofire
  - SwiftDebouncer

SPEC REPOS:
  trunk:
    - Alamofire
    - SwiftDebouncer

SPEC CHECKSUMS:
  Alamofire: 85e8a02c69d6020a0d734f6054870d7ecb75cf18
  SwiftDebouncer: 88967ab723d4da7525ae0cfe1d53934a2646a8d1

PODFILE CHECKSUM: 4d8e5c10d001351b4400f0de4141afd932c5a12b

COCOAPODS: 1.10.1
