// !$*UTF8*$!
{
	archiveVersion = 1;
	classes = {
	};
	objectVersion = 51;
	objects = {

/* Begin PBXBuildFile section */
		6BB2736FB9FADD991729F211 /* Pods_GitHubApp.framework in Frameworks */ = {isa = PBXBuildFile; fileRef = 63C1AF4EB360F15174641045 /* Pods_GitHubApp.framework */; };
		95237B0527870E0800A824AE /* AppDelegate.swift in Sources */ = {isa = PBXBuildFile; fileRef = 95237B0427870E0800A824AE /* AppDelegate.swift */; };
		95237B0727870E0800A824AE /* SceneDelegate.swift in Sources */ = {isa = PBXBuildFile; fileRef = 95237B0627870E0800A824AE /* SceneDelegate.swift */; };
		95237B0927870E0800A824AE /* ViewController.swift in Sources */ = {isa = PBXBuildFile; fileRef = 95237B0827870E0800A824AE /* ViewController.swift */; };
		95237B0C27870E0800A824AE /* Main.storyboard in Resources */ = {isa = PBXBuildFile; fileRef = 95237B0A27870E0800A824AE /* Main.storyboard */; };
		95237B0E27870E0900A824AE /* Assets.xcassets in Resources */ = {isa = PBXBuildFile; fileRef = 95237B0D27870E0900A824AE /* Assets.xcassets */; };
		95237B1127870E0900A824AE /* LaunchScreen.storyboard in Resources */ = {isa = PBXBuildFile; fileRef = 95237B0F27870E0900A824AE /* LaunchScreen.storyboard */; };
		95237B21278730F800A824AE /* NetworkConstants.swift in Sources */ = {isa = PBXBuildFile; fileRef = 95237B20278730F800A824AE /* NetworkConstants.swift */; };
		95237B232787318E00A824AE /* ApiRouter.swift in Sources */ = {isa = PBXBuildFile; fileRef = 95237B222787318E00A824AE /* ApiRouter.swift */; };
		95237B2527873A6100A824AE /* ApiClient.swift in Sources */ = {isa = PBXBuildFile; fileRef = 95237B2427873A6100A824AE /* ApiClient.swift */; };
		95237B2827873CD400A824AE /* RepoModel.swift in Sources */ = {isa = PBXBuildFile; fileRef = 95237B2727873CD400A824AE /* RepoModel.swift */; };
		95237B2A27873CFB00A824AE /* RepositoriesModel.swift in Sources */ = {isa = PBXBuildFile; fileRef = 95237B2927873CFB00A824AE /* RepositoriesModel.swift */; };
		95237B312787513D00A824AE /* RepositoryTableViewCell.swift in Sources */ = {isa = PBXBuildFile; fileRef = 95237B2F2787513D00A824AE /* RepositoryTableViewCell.swift */; };
		95237B322787513D00A824AE /* RepositoryTableViewCell.xib in Resources */ = {isa = PBXBuildFile; fileRef = 95237B302787513D00A824AE /* RepositoryTableViewCell.xib */; };
		95237B342787541600A824AE /* RepoOwner.swift in Sources */ = {isa = PBXBuildFile; fileRef = 95237B332787541600A824AE /* RepoOwner.swift */; };
		95237B37278755C800A824AE /* UITableView+Extension.swift in Sources */ = {isa = PBXBuildFile; fileRef = 95237B36278755C800A824AE /* UITableView+Extension.swift */; };
		95237B39278755F000A824AE /* UITableViewCell+Extension.swift in Sources */ = {isa = PBXBuildFile; fileRef = 95237B38278755F000A824AE /* UITableViewCell+Extension.swift */; };
		95237B3C27879CF400A824AE /* MainViewModel.swift in Sources */ = {isa = PBXBuildFile; fileRef = 95237B3B27879CF300A824AE /* MainViewModel.swift */; };
		95237B3E27885CD600A824AE /* UIActivityIndicator+Extension.swift in Sources */ = {isa = PBXBuildFile; fileRef = 95237B3D27885CD600A824AE /* UIActivityIndicator+Extension.swift */; };
		95237B4427889EDE00A824AE /* UserDetailViewController.swift in Sources */ = {isa = PBXBuildFile; fileRef = 95237B4327889EDE00A824AE /* UserDetailViewController.swift */; };
		95237B462788DC7500A824AE /* UserDetailViewModel.swift in Sources */ = {isa = PBXBuildFile; fileRef = 95237B452788DC7500A824AE /* UserDetailViewModel.swift */; };
		95237B482788E74C00A824AE /* UIViewController+Extension.swift in Sources */ = {isa = PBXBuildFile; fileRef = 95237B472788E74C00A824AE /* UIViewController+Extension.swift */; };
		95237B4A2789146500A824AE /* RepositoryDetailViewController.swift in Sources */ = {isa = PBXBuildFile; fileRef = 95237B492789146500A824AE /* RepositoryDetailViewController.swift */; };
		95237B4C2789147200A824AE /* RepositoryDetailViewModel.swift in Sources */ = {isa = PBXBuildFile; fileRef = 95237B4B2789147200A824AE /* RepositoryDetailViewModel.swift */; };
		95237B4E2789E44200A824AE /* String+Extension.swift in Sources */ = {isa = PBXBuildFile; fileRef = 95237B4D2789E44200A824AE /* String+Extension.swift */; };
		95237B502789E74000A824AE /* UIStackView+Extension.swift in Sources */ = {isa = PBXBuildFile; fileRef = 95237B4F2789E74000A824AE /* UIStackView+Extension.swift */; };
		95237B53278A10EC00A824AE /* CoordinatorProtocol.swift in Sources */ = {isa = PBXBuildFile; fileRef = 95237B52278A10EC00A824AE /* CoordinatorProtocol.swift */; };
		95237B55278A112700A824AE /* Storyboarded.swift in Sources */ = {isa = PBXBuildFile; fileRef = 95237B54278A112700A824AE /* Storyboarded.swift */; };
		95237B57278A124100A824AE /* MainCoordinator.swift in Sources */ = {isa = PBXBuildFile; fileRef = 95237B56278A124100A824AE /* MainCoordinator.swift */; };
		95237B59278AF3F600A824AE /* UIColor+Extension.swift in Sources */ = {isa = PBXBuildFile; fileRef = 95237B58278AF3F500A824AE /* UIColor+Extension.swift */; };
		95237B5C278AF66100A824AE /* CustomButton.swift in Sources */ = {isa = PBXBuildFile; fileRef = 95237B5B278AF66100A824AE /* CustomButton.swift */; };
		95237B5E278B6A2100A824AE /* RepoSearchType.swift in Sources */ = {isa = PBXBuildFile; fileRef = 95237B5D278B6A2100A824AE /* RepoSearchType.swift */; };
/* End PBXBuildFile section */

/* Begin PBXFileReference section */
		279C7F051DABCAD3273776DD /* Pods-GitHubApp.debug.xcconfig */ = {isa = PBXFileReference; includeInIndex = 1; lastKnownFileType = text.xcconfig; name = "Pods-GitHubApp.debug.xcconfig"; path = "Target Support Files/Pods-GitHubApp/Pods-GitHubApp.debug.xcconfig"; sourceTree = "<group>"; };
		63C1AF4EB360F15174641045 /* Pods_GitHubApp.framework */ = {isa = PBXFileReference; explicitFileType = wrapper.framework; includeInIndex = 0; path = Pods_GitHubApp.framework; sourceTree = BUILT_PRODUCTS_DIR; };
		95237B0127870E0800A824AE /* GitHubApp.app */ = {isa = PBXFileReference; explicitFileType = wrapper.application; includeInIndex = 0; path = GitHubApp.app; sourceTree = BUILT_PRODUCTS_DIR; };
		95237B0427870E0800A824AE /* AppDelegate.swift */ = {isa = PBXFileReference; lastKnownFileType = sourcecode.swift; path = AppDelegate.swift; sourceTree = "<group>"; };
		95237B0627870E0800A824AE /* SceneDelegate.swift */ = {isa = PBXFileReference; lastKnownFileType = sourcecode.swift; path = SceneDelegate.swift; sourceTree = "<group>"; };
		95237B0827870E0800A824AE /* ViewController.swift */ = {isa = PBXFileReference; lastKnownFileType = sourcecode.swift; path = ViewController.swift; sourceTree = "<group>"; };
		95237B0B27870E0800A824AE /* Base */ = {isa = PBXFileReference; lastKnownFileType = file.storyboard; name = Base; path = Base.lproj/Main.storyboard; sourceTree = "<group>"; };
		95237B0D27870E0900A824AE /* Assets.xcassets */ = {isa = PBXFileReference; lastKnownFileType = folder.assetcatalog; path = Assets.xcassets; sourceTree = "<group>"; };
		95237B1027870E0900A824AE /* Base */ = {isa = PBXFileReference; lastKnownFileType = file.storyboard; name = Base; path = Base.lproj/LaunchScreen.storyboard; sourceTree = "<group>"; };
		95237B1227870E0900A824AE /* Info.plist */ = {isa = PBXFileReference; lastKnownFileType = text.plist.xml; path = Info.plist; sourceTree = "<group>"; };
		95237B20278730F800A824AE /* NetworkConstants.swift */ = {isa = PBXFileReference; lastKnownFileType = sourcecode.swift; path = NetworkConstants.swift; sourceTree = "<group>"; };
		95237B222787318E00A824AE /* ApiRouter.swift */ = {isa = PBXFileReference; lastKnownFileType = sourcecode.swift; path = ApiRouter.swift; sourceTree = "<group>"; };
		95237B2427873A6100A824AE /* ApiClient.swift */ = {isa = PBXFileReference; lastKnownFileType = sourcecode.swift; path = ApiClient.swift; sourceTree = "<group>"; };
		95237B2727873CD400A824AE /* RepoModel.swift */ = {isa = PBXFileReference; lastKnownFileType = sourcecode.swift; path = RepoModel.swift; sourceTree = "<group>"; };
		95237B2927873CFB00A824AE /* RepositoriesModel.swift */ = {isa = PBXFileReference; lastKnownFileType = sourcecode.swift; path = RepositoriesModel.swift; sourceTree = "<group>"; };
		95237B2F2787513D00A824AE /* RepositoryTableViewCell.swift */ = {isa = PBXFileReference; lastKnownFileType = sourcecode.swift; path = RepositoryTableViewCell.swift; sourceTree = "<group>"; };
		95237B302787513D00A824AE /* RepositoryTableViewCell.xib */ = {isa = PBXFileReference; lastKnownFileType = file.xib; path = RepositoryTableViewCell.xib; sourceTree = "<group>"; };
		95237B332787541600A824AE /* RepoOwner.swift */ = {isa = PBXFileReference; lastKnownFileType = sourcecode.swift; path = RepoOwner.swift; sourceTree = "<group>"; };
		95237B36278755C800A824AE /* UITableView+Extension.swift */ = {isa = PBXFileReference; lastKnownFileType = sourcecode.swift; path = "UITableView+Extension.swift"; sourceTree = "<group>"; };
		95237B38278755F000A824AE /* UITableViewCell+Extension.swift */ = {isa = PBXFileReference; lastKnownFileType = sourcecode.swift; path = "UITableViewCell+Extension.swift"; sourceTree = "<group>"; };
		95237B3B27879CF300A824AE /* MainViewModel.swift */ = {isa = PBXFileReference; lastKnownFileType = sourcecode.swift; path = MainViewModel.swift; sourceTree = "<group>"; };
		95237B3D27885CD600A824AE /* UIActivityIndicator+Extension.swift */ = {isa = PBXFileReference; lastKnownFileType = sourcecode.swift; path = "UIActivityIndicator+Extension.swift"; sourceTree = "<group>"; };
		95237B4327889EDE00A824AE /* UserDetailViewController.swift */ = {isa = PBXFileReference; lastKnownFileType = sourcecode.swift; path = UserDetailViewController.swift; sourceTree = "<group>"; };
		95237B452788DC7500A824AE /* UserDetailViewModel.swift */ = {isa = PBXFileReference; lastKnownFileType = sourcecode.swift; path = UserDetailViewModel.swift; sourceTree = "<group>"; };
		95237B472788E74C00A824AE /* UIViewController+Extension.swift */ = {isa = PBXFileReference; lastKnownFileType = sourcecode.swift; path = "UIViewController+Extension.swift"; sourceTree = "<group>"; };
		95237B492789146500A824AE /* RepositoryDetailViewController.swift */ = {isa = PBXFileReference; lastKnownFileType = sourcecode.swift; path = RepositoryDetailViewController.swift; sourceTree = "<group>"; };
		95237B4B2789147200A824AE /* RepositoryDetailViewModel.swift */ = {isa = PBXFileReference; lastKnownFileType = sourcecode.swift; path = RepositoryDetailViewModel.swift; sourceTree = "<group>"; };
		95237B4D2789E44200A824AE /* String+Extension.swift */ = {isa = PBXFileReference; lastKnownFileType = sourcecode.swift; path = "String+Extension.swift"; sourceTree = "<group>"; };
		95237B4F2789E74000A824AE /* UIStackView+Extension.swift */ = {isa = PBXFileReference; lastKnownFileType = sourcecode.swift; path = "UIStackView+Extension.swift"; sourceTree = "<group>"; };
		95237B52278A10EC00A824AE /* CoordinatorProtocol.swift */ = {isa = PBXFileReference; lastKnownFileType = sourcecode.swift; path = CoordinatorProtocol.swift; sourceTree = "<group>"; };
		95237B54278A112700A824AE /* Storyboarded.swift */ = {isa = PBXFileReference; lastKnownFileType = sourcecode.swift; path = Storyboarded.swift; sourceTree = "<group>"; };
		95237B56278A124100A824AE /* MainCoordinator.swift */ = {isa = PBXFileReference; lastKnownFileType = sourcecode.swift; path = MainCoordinator.swift; sourceTree = "<group>"; };
		95237B58278AF3F500A824AE /* UIColor+Extension.swift */ = {isa = PBXFileReference; lastKnownFileType = sourcecode.swift; path = "UIColor+Extension.swift"; sourceTree = "<group>"; };
		95237B5B278AF66100A824AE /* CustomButton.swift */ = {isa = PBXFileReference; lastKnownFileType = sourcecode.swift; path = CustomButton.swift; sourceTree = "<group>"; };
		95237B5D278B6A2100A824AE /* RepoSearchType.swift */ = {isa = PBXFileReference; lastKnownFileType = sourcecode.swift; path = RepoSearchType.swift; sourceTree = "<group>"; };
		9EBCCADE9EE7FBADA827838F /* Pods-GitHubApp.release.xcconfig */ = {isa = PBXFileReference; includeInIndex = 1; lastKnownFileType = text.xcconfig; name = "Pods-GitHubApp.release.xcconfig"; path = "Target Support Files/Pods-GitHubApp/Pods-GitHubApp.release.xcconfig"; sourceTree = "<group>"; };
/* End PBXFileReference section */

/* Begin PBXFrameworksBuildPhase section */
		95237AFE27870E0800A824AE /* Frameworks */ = {
			isa = PBXFrameworksBuildPhase;
			buildActionMask = 2147483647;
			files = (
				6BB2736FB9FADD991729F211 /* Pods_GitHubApp.framework in Frameworks */,
			);
			runOnlyForDeploymentPostprocessing = 0;
		};
/* End PBXFrameworksBuildPhase section */

/* Begin PBXGroup section */
		3E2BAB07C76C75B931B52108 /* Pods */ = {
			isa = PBXGroup;
			children = (
				279C7F051DABCAD3273776DD /* Pods-GitHubApp.debug.xcconfig */,
				9EBCCADE9EE7FBADA827838F /* Pods-GitHubApp.release.xcconfig */,
			);
			path = Pods;
			sourceTree = "<group>";
		};
		95237AF827870E0800A824AE = {
			isa = PBXGroup;
			children = (
				95237B0327870E0800A824AE /* GitHubApp */,
				95237B0227870E0800A824AE /* Products */,
				3E2BAB07C76C75B931B52108 /* Pods */,
				9A3973F6A7CE379F799A3788 /* Frameworks */,
			);
			sourceTree = "<group>";
		};
		95237B0227870E0800A824AE /* Products */ = {
			isa = PBXGroup;
			children = (
				95237B0127870E0800A824AE /* GitHubApp.app */,
			);
			name = Products;
			sourceTree = "<group>";
		};
		95237B0327870E0800A824AE /* GitHubApp */ = {
			isa = PBXGroup;
			children = (
				95237B5A278AF64F00A824AE /* Elements */,
				95237B51278A10DB00A824AE /* Coordinator */,
				95237B4027889EB100A824AE /* UserDetail */,
				95237B3F27889E9900A824AE /* RepositoryDetail */,
				95237B352787558C00A824AE /* Extensions */,
				95237B2627873CCA00A824AE /* Models */,
				95237B192787228300A824AE /* Services */,
				95237B1827870FAE00A824AE /* MainScreen */,
				95237B0427870E0800A824AE /* AppDelegate.swift */,
				95237B0627870E0800A824AE /* SceneDelegate.swift */,
				95237B0D27870E0900A824AE /* Assets.xcassets */,
				95237B0F27870E0900A824AE /* LaunchScreen.storyboard */,
				95237B1227870E0900A824AE /* Info.plist */,
			);
			path = GitHubApp;
			sourceTree = "<group>";
		};
		95237B1827870FAE00A824AE /* MainScreen */ = {
			isa = PBXGroup;
			children = (
				95237B0827870E0800A824AE /* ViewController.swift */,
				95237B3B27879CF300A824AE /* MainViewModel.swift */,
				95237B0A27870E0800A824AE /* Main.storyboard */,
				95237B3A27879CD500A824AE /* RepositoryTableViewCell */,
			);
			path = MainScreen;
			sourceTree = "<group>";
		};
		95237B192787228300A824AE /* Services */ = {
			isa = PBXGroup;
			children = (
				95237B20278730F800A824AE /* NetworkConstants.swift */,
				95237B222787318E00A824AE /* ApiRouter.swift */,
				95237B2427873A6100A824AE /* ApiClient.swift */,
			);
			path = Services;
			sourceTree = "<group>";
		};
		95237B2627873CCA00A824AE /* Models */ = {
			isa = PBXGroup;
			children = (
				95237B2727873CD400A824AE /* RepoModel.swift */,
				95237B2927873CFB00A824AE /* RepositoriesModel.swift */,
				95237B332787541600A824AE /* RepoOwner.swift */,
				95237B5D278B6A2100A824AE /* RepoSearchType.swift */,
			);
			path = Models;
			sourceTree = "<group>";
		};
		95237B352787558C00A824AE /* Extensions */ = {
			isa = PBXGroup;
			children = (
				95237B36278755C800A824AE /* UITableView+Extension.swift */,
				95237B38278755F000A824AE /* UITableViewCell+Extension.swift */,
				95237B3D27885CD600A824AE /* UIActivityIndicator+Extension.swift */,
				95237B472788E74C00A824AE /* UIViewController+Extension.swift */,
				95237B4D2789E44200A824AE /* String+Extension.swift */,
				95237B4F2789E74000A824AE /* UIStackView+Extension.swift */,
				95237B58278AF3F500A824AE /* UIColor+Extension.swift */,
			);
			path = Extensions;
			sourceTree = "<group>";
		};
		95237B3A27879CD500A824AE /* RepositoryTableViewCell */ = {
			isa = PBXGroup;
			children = (
				95237B2F2787513D00A824AE /* RepositoryTableViewCell.swift */,
				95237B302787513D00A824AE /* RepositoryTableViewCell.xib */,
			);
			path = RepositoryTableViewCell;
			sourceTree = "<group>";
		};
		95237B3F27889E9900A824AE /* RepositoryDetail */ = {
			isa = PBXGroup;
			children = (
				95237B492789146500A824AE /* RepositoryDetailViewController.swift */,
				95237B4B2789147200A824AE /* RepositoryDetailViewModel.swift */,
			);
			path = RepositoryDetail;
			sourceTree = "<group>";
		};
		95237B4027889EB100A824AE /* UserDetail */ = {
			isa = PBXGroup;
			children = (
				95237B4327889EDE00A824AE /* UserDetailViewController.swift */,
				95237B452788DC7500A824AE /* UserDetailViewModel.swift */,
			);
			path = UserDetail;
			sourceTree = "<group>";
		};
		95237B51278A10DB00A824AE /* Coordinator */ = {
			isa = PBXGroup;
			children = (
				95237B52278A10EC00A824AE /* CoordinatorProtocol.swift */,
				95237B56278A124100A824AE /* MainCoordinator.swift */,
			);
			path = Coordinator;
			sourceTree = "<group>";
		};
		95237B5A278AF64F00A824AE /* Elements */ = {
			isa = PBXGroup;
			children = (
				95237B54278A112700A824AE /* Storyboarded.swift */,
				95237B5B278AF66100A824AE /* CustomButton.swift */,
			);
			path = Elements;
			sourceTree = "<group>";
		};
		9A3973F6A7CE379F799A3788 /* Frameworks */ = {
			isa = PBXGroup;
			children = (
				63C1AF4EB360F15174641045 /* Pods_GitHubApp.framework */,
			);
			name = Frameworks;
			sourceTree = "<group>";
		};
/* End PBXGroup section */

/* Begin PBXNativeTarget section */
		95237B0027870E0800A824AE /* GitHubApp */ = {
			isa = PBXNativeTarget;
			buildConfigurationList = 95237B1527870E0900A824AE /* Build configuration list for PBXNativeTarget "GitHubApp" */;
			buildPhases = (
				6A85D7BB397346AF0203F944 /* [CP] Check Pods Manifest.lock */,
				95237AFD27870E0800A824AE /* Sources */,
				95237AFE27870E0800A824AE /* Frameworks */,
				95237AFF27870E0800A824AE /* Resources */,
				1B1D9C827F86E21B8A26C91F /* [CP] Embed Pods Frameworks */,
			);
			buildRules = (
			);
			dependencies = (
			);
			name = GitHubApp;
			productName = GitHubApp;
			productReference = 95237B0127870E0800A824AE /* GitHubApp.app */;
			productType = "com.apple.product-type.application";
		};
/* End PBXNativeTarget section */

/* Begin PBXProject section */
		95237AF927870E0800A824AE /* Project object */ = {
			isa = PBXProject;
			attributes = {
				LastSwiftUpdateCheck = 1250;
				LastUpgradeCheck = 1250;
				TargetAttributes = {
					95237B0027870E0800A824AE = {
						CreatedOnToolsVersion = 12.5.1;
					};
				};
			};
			buildConfigurationList = 95237AFC27870E0800A824AE /* Build configuration list for PBXProject "GitHubApp" */;
			compatibilityVersion = "Xcode 9.3";
			developmentRegion = en;
			hasScannedForEncodings = 0;
			knownRegions = (
				en,
				Base,
			);
			mainGroup = 95237AF827870E0800A824AE;
			productRefGroup = 95237B0227870E0800A824AE /* Products */;
			projectDirPath = "";
			projectRoot = "";
			targets = (
				95237B0027870E0800A824AE /* GitHubApp */,
			);
		};
/* End PBXProject section */

/* Begin PBXResourcesBuildPhase section */
		95237AFF27870E0800A824AE /* Resources */ = {
			isa = PBXResourcesBuildPhase;
			buildActionMask = 2147483647;
			files = (
				95237B1127870E0900A824AE /* LaunchScreen.storyboard in Resources */,
				95237B0E27870E0900A824AE /* Assets.xcassets in Resources */,
				95237B0C27870E0800A824AE /* Main.storyboard in Resources */,
				95237B322787513D00A824AE /* RepositoryTableViewCell.xib in Resources */,
			);
			runOnlyForDeploymentPostprocessing = 0;
		};
/* End PBXResourcesBuildPhase section */

/* Begin PBXShellScriptBuildPhase section */
		1B1D9C827F86E21B8A26C91F /* [CP] Embed Pods Frameworks */ = {
			isa = PBXShellScriptBuildPhase;
			buildActionMask = 2147483647;
			files = (
			);
			inputFileListPaths = (
				"${PODS_ROOT}/Target Support Files/Pods-GitHubApp/Pods-GitHubApp-frameworks-${CONFIGURATION}-input-files.xcfilelist",
			);
			name = "[CP] Embed Pods Frameworks";
			outputFileListPaths = (
				"${PODS_ROOT}/Target Support Files/Pods-GitHubApp/Pods-GitHubApp-frameworks-${CONFIGURATION}-output-files.xcfilelist",
			);
			runOnlyForDeploymentPostprocessing = 0;
			shellPath = /bin/sh;
			shellScript = "\"${PODS_ROOT}/Target Support Files/Pods-GitHubApp/Pods-GitHubApp-frameworks.sh\"\n";
			showEnvVarsInLog = 0;
		};
		6A85D7BB397346AF0203F944 /* [CP] Check Pods Manifest.lock */ = {
			isa = PBXShellScriptBuildPhase;
			buildActionMask = 2147483647;
			files = (
			);
			inputFileListPaths = (
			);
			inputPaths = (
				"${PODS_PODFILE_DIR_PATH}/Podfile.lock",
				"${PODS_ROOT}/Manifest.lock",
			);
			name = "[CP] Check Pods Manifest.lock";
			outputFileListPaths = (
			);
			outputPaths = (
				"$(DERIVED_FILE_DIR)/Pods-GitHubApp-checkManifestLockResult.txt",
			);
			runOnlyForDeploymentPostprocessing = 0;
			shellPath = /bin/sh;
			shellScript = "diff \"${PODS_PODFILE_DIR_PATH}/Podfile.lock\" \"${PODS_ROOT}/Manifest.lock\" > /dev/null\nif [ $? != 0 ] ; then\n    # print error to STDERR\n    echo \"error: The sandbox is not in sync with the Podfile.lock. Run 'pod install' or update your CocoaPods installation.\" >&2\n    exit 1\nfi\n# This output is used by Xcode 'outputs' to avoid re-running this script phase.\necho \"SUCCESS\" > \"${SCRIPT_OUTPUT_FILE_0}\"\n";
			showEnvVarsInLog = 0;
		};
/* End PBXShellScriptBuildPhase section */

/* Begin PBXSourcesBuildPhase section */
		95237AFD27870E0800A824AE /* Sources */ = {
			isa = PBXSourcesBuildPhase;
			buildActionMask = 2147483647;
			files = (
				95237B5C278AF66100A824AE /* CustomButton.swift in Sources */,
				95237B37278755C800A824AE /* UITableView+Extension.swift in Sources */,
				95237B57278A124100A824AE /* MainCoordinator.swift in Sources */,
				95237B5E278B6A2100A824AE /* RepoSearchType.swift in Sources */,
				95237B312787513D00A824AE /* RepositoryTableViewCell.swift in Sources */,
				95237B3E27885CD600A824AE /* UIActivityIndicator+Extension.swift in Sources */,
				95237B342787541600A824AE /* RepoOwner.swift in Sources */,
				95237B482788E74C00A824AE /* UIViewController+Extension.swift in Sources */,
				95237B21278730F800A824AE /* NetworkConstants.swift in Sources */,
				95237B53278A10EC00A824AE /* CoordinatorProtocol.swift in Sources */,
				95237B2827873CD400A824AE /* RepoModel.swift in Sources */,
				95237B59278AF3F600A824AE /* UIColor+Extension.swift in Sources */,
				95237B3C27879CF400A824AE /* MainViewModel.swift in Sources */,
				95237B502789E74000A824AE /* UIStackView+Extension.swift in Sources */,
				95237B4E2789E44200A824AE /* String+Extension.swift in Sources */,
				95237B0927870E0800A824AE /* ViewController.swift in Sources */,
				95237B2A27873CFB00A824AE /* RepositoriesModel.swift in Sources */,
				95237B462788DC7500A824AE /* UserDetailViewModel.swift in Sources */,
				95237B55278A112700A824AE /* Storyboarded.swift in Sources */,
				95237B39278755F000A824AE /* UITableViewCell+Extension.swift in Sources */,
				95237B232787318E00A824AE /* ApiRouter.swift in Sources */,
				95237B4A2789146500A824AE /* RepositoryDetailViewController.swift in Sources */,
				95237B4427889EDE00A824AE /* UserDetailViewController.swift in Sources */,
				95237B0527870E0800A824AE /* AppDelegate.swift in Sources */,
				95237B4C2789147200A824AE /* RepositoryDetailViewModel.swift in Sources */,
				95237B0727870E0800A824AE /* SceneDelegate.swift in Sources */,
				95237B2527873A6100A824AE /* ApiClient.swift in Sources */,
			);
			runOnlyForDeploymentPostprocessing = 0;
		};
/* End PBXSourcesBuildPhase section */

/* Begin PBXVariantGroup section */
		95237B0A27870E0800A824AE /* Main.storyboard */ = {
			isa = PBXVariantGroup;
			children = (
				95237B0B27870E0800A824AE /* Base */,
			);
			name = Main.storyboard;
			sourceTree = "<group>";
		};
		95237B0F27870E0900A824AE /* LaunchScreen.storyboard */ = {
			isa = PBXVariantGroup;
			children = (
				95237B1027870E0900A824AE /* Base */,
			);
			name = LaunchScreen.storyboard;
			sourceTree = "<group>";
		};
/* End PBXVariantGroup section */

/* Begin XCBuildConfiguration section */
		95237B1327870E0900A824AE /* Debug */ = {
			isa = XCBuildConfiguration;
			buildSettings = {
				ALWAYS_SEARCH_USER_PATHS = NO;
				CLANG_ANALYZER_NONNULL = YES;
				CLANG_ANALYZER_NUMBER_OBJECT_CONVERSION = YES_AGGRESSIVE;
				CLANG_CXX_LANGUAGE_STANDARD = "gnu++14";
				CLANG_CXX_LIBRARY = "libc++";
				CLANG_ENABLE_MODULES = YES;
				CLANG_ENABLE_OBJC_ARC = YES;
				CLANG_ENABLE_OBJC_WEAK = YES;
				CLANG_WARN_BLOCK_CAPTURE_AUTORELEASING = YES;
				CLANG_WARN_BOOL_CONVERSION = YES;
				CLANG_WARN_COMMA = YES;
				CLANG_WARN_CONSTANT_CONVERSION = YES;
				CLANG_WARN_DEPRECATED_OBJC_IMPLEMENTATIONS = YES;
				CLANG_WARN_DIRECT_OBJC_ISA_USAGE = YES_ERROR;
				CLANG_WARN_DOCUMENTATION_COMMENTS = YES;
				CLANG_WARN_EMPTY_BODY = YES;
				CLANG_WARN_ENUM_CONVERSION = YES;
				CLANG_WARN_INFINITE_RECURSION = YES;
				CLANG_WARN_INT_CONVERSION = YES;
				CLANG_WARN_NON_LITERAL_NULL_CONVERSION = YES;
				CLANG_WARN_OBJC_IMPLICIT_RETAIN_SELF = YES;
				CLANG_WARN_OBJC_LITERAL_CONVERSION = YES;
				CLANG_WARN_OBJC_ROOT_CLASS = YES_ERROR;
				CLANG_WARN_QUOTED_INCLUDE_IN_FRAMEWORK_HEADER = YES;
				CLANG_WARN_RANGE_LOOP_ANALYSIS = YES;
				CLANG_WARN_STRICT_PROTOTYPES = YES;
				CLANG_WARN_SUSPICIOUS_MOVE = YES;
				CLANG_WARN_UNGUARDED_AVAILABILITY = YES_AGGRESSIVE;
				CLANG_WARN_UNREACHABLE_CODE = YES;
				CLANG_WARN__DUPLICATE_METHOD_MATCH = YES;
				COPY_PHASE_STRIP = NO;
				DEBUG_INFORMATION_FORMAT = dwarf;
				ENABLE_STRICT_OBJC_MSGSEND = YES;
				ENABLE_TESTABILITY = YES;
				GCC_C_LANGUAGE_STANDARD = gnu11;
				GCC_DYNAMIC_NO_PIC = NO;
				GCC_NO_COMMON_BLOCKS = YES;
				GCC_OPTIMIZATION_LEVEL = 0;
				GCC_PREPROCESSOR_DEFINITIONS = (
					"DEBUG=1",
					"$(inherited)",
				);
				GCC_WARN_64_TO_32_BIT_CONVERSION = YES;
				GCC_WARN_ABOUT_RETURN_TYPE = YES_ERROR;
				GCC_WARN_UNDECLARED_SELECTOR = YES;
				GCC_WARN_UNINITIALIZED_AUTOS = YES_AGGRESSIVE;
				GCC_WARN_UNUSED_FUNCTION = YES;
				GCC_WARN_UNUSED_VARIABLE = YES;
				IPHONEOS_DEPLOYMENT_TARGET = 14.5;
				MTL_ENABLE_DEBUG_INFO = INCLUDE_SOURCE;
				MTL_FAST_MATH = YES;
				ONLY_ACTIVE_ARCH = YES;
				SDKROOT = iphoneos;
				SWIFT_ACTIVE_COMPILATION_CONDITIONS = DEBUG;
				SWIFT_OPTIMIZATION_LEVEL = "-Onone";
			};
			name = Debug;
		};
		95237B1427870E0900A824AE /* Release */ = {
			isa = XCBuildConfiguration;
			buildSettings = {
				ALWAYS_SEARCH_USER_PATHS = NO;
				CLANG_ANALYZER_NONNULL = YES;
				CLANG_ANALYZER_NUMBER_OBJECT_CONVERSION = YES_AGGRESSIVE;
				CLANG_CXX_LANGUAGE_STANDARD = "gnu++14";
				CLANG_CXX_LIBRARY = "libc++";
				CLANG_ENABLE_MODULES = YES;
				CLANG_ENABLE_OBJC_ARC = YES;
				CLANG_ENABLE_OBJC_WEAK = YES;
				CLANG_WARN_BLOCK_CAPTURE_AUTORELEASING = YES;
				CLANG_WARN_BOOL_CONVERSION = YES;
				CLANG_WARN_COMMA = YES;
				CLANG_WARN_CONSTANT_CONVERSION = YES;
				CLANG_WARN_DEPRECATED_OBJC_IMPLEMENTATIONS = YES;
				CLANG_WARN_DIRECT_OBJC_ISA_USAGE = YES_ERROR;
				CLANG_WARN_DOCUMENTATION_COMMENTS = YES;
				CLANG_WARN_EMPTY_BODY = YES;
				CLANG_WARN_ENUM_CONVERSION = YES;
				CLANG_WARN_INFINITE_RECURSION = YES;
				CLANG_WARN_INT_CONVERSION = YES;
				CLANG_WARN_NON_LITERAL_NULL_CONVERSION = YES;
				CLANG_WARN_OBJC_IMPLICIT_RETAIN_SELF = YES;
				CLANG_WARN_OBJC_LITERAL_CONVERSION = YES;
				CLANG_WARN_OBJC_ROOT_CLASS = YES_ERROR;
				CLANG_WARN_QUOTED_INCLUDE_IN_FRAMEWORK_HEADER = YES;
				CLANG_WARN_RANGE_LOOP_ANALYSIS = YES;
				CLANG_WARN_STRICT_PROTOTYPES = YES;
				CLANG_WARN_SUSPICIOUS_MOVE = YES;
				CLANG_WARN_UNGUARDED_AVAILABILITY = YES_AGGRESSIVE;
				CLANG_WARN_UNREACHABLE_CODE = YES;
				CLANG_WARN__DUPLICATE_METHOD_MATCH = YES;
				COPY_PHASE_STRIP = NO;
				DEBUG_INFORMATION_FORMAT = "dwarf-with-dsym";
				ENABLE_NS_ASSERTIONS = NO;
				ENABLE_STRICT_OBJC_MSGSEND = YES;
				GCC_C_LANGUAGE_STANDARD = gnu11;
				GCC_NO_COMMON_BLOCKS = YES;
				GCC_WARN_64_TO_32_BIT_CONVERSION = YES;
				GCC_WARN_ABOUT_RETURN_TYPE = YES_ERROR;
				GCC_WARN_UNDECLARED_SELECTOR = YES;
				GCC_WARN_UNINITIALIZED_AUTOS = YES_AGGRESSIVE;
				GCC_WARN_UNUSED_FUNCTION = YES;
				GCC_WARN_UNUSED_VARIABLE = YES;
				IPHONEOS_DEPLOYMENT_TARGET = 14.5;
				MTL_ENABLE_DEBUG_INFO = NO;
				MTL_FAST_MATH = YES;
				SDKROOT = iphoneos;
				SWIFT_COMPILATION_MODE = wholemodule;
				SWIFT_OPTIMIZATION_LEVEL = "-O";
				VALIDATE_PRODUCT = YES;
			};
			name = Release;
		};
		95237B1627870E0900A824AE /* Debug */ = {
			isa = XCBuildConfiguration;
			baseConfigurationReference = 279C7F051DABCAD3273776DD /* Pods-GitHubApp.debug.xcconfig */;
			buildSettings = {
				ASSETCATALOG_COMPILER_APPICON_NAME = AppIcon;
				ASSETCATALOG_COMPILER_GLOBAL_ACCENT_COLOR_NAME = AccentColor;
				CODE_SIGN_STYLE = Automatic;
				INFOPLIST_FILE = GitHubApp/Info.plist;
				LD_RUNPATH_SEARCH_PATHS = (
					"$(inherited)",
					"@executable_path/Frameworks",
				);
				PRODUCT_BUNDLE_IDENTIFIER = com.com.com.GitHubApp;
				PRODUCT_NAME = "$(TARGET_NAME)";
				SWIFT_VERSION = 5.0;
				TARGETED_DEVICE_FAMILY = 1;
			};
			name = Debug;
		};
		95237B1727870E0900A824AE /* Release */ = {
			isa = XCBuildConfiguration;
			baseConfigurationReference = 9EBCCADE9EE7FBADA827838F /* Pods-GitHubApp.release.xcconfig */;
			buildSettings = {
				ASSETCATALOG_COMPILER_APPICON_NAME = AppIcon;
				ASSETCATALOG_COMPILER_GLOBAL_ACCENT_COLOR_NAME = AccentColor;
				CODE_SIGN_STYLE = Automatic;
				INFOPLIST_FILE = GitHubApp/Info.plist;
				LD_RUNPATH_SEARCH_PATHS = (
					"$(inherited)",
					"@executable_path/Frameworks",
				);
				PRODUCT_BUNDLE_IDENTIFIER = com.com.com.GitHubApp;
				PRODUCT_NAME = "$(TARGET_NAME)";
				SWIFT_VERSION = 5.0;
				TARGETED_DEVICE_FAMILY = 1;
			};
			name = Release;
		};
/* End XCBuildConfiguration section */

/* Begin XCConfigurationList section */
		95237AFC27870E0800A824AE /* Build configuration list for PBXProject "GitHubApp" */ = {
			isa = XCConfigurationList;
			buildConfigurations = (
				95237B1327870E0900A824AE /* Debug */,
				95237B1427870E0900A824AE /* Release */,
			);
			defaultConfigurationIsVisible = 0;
			defaultConfigurationName = Release;
		};
		95237B1527870E0900A824AE /* Build configuration list for PBXNativeTarget "GitHubApp" */ = {
			isa = XCConfigurationList;
			buildConfigurations = (
				95237B1627870E0900A824AE /* Debug */,
				95237B1727870E0900A824AE /* Release */,
			);
			defaultConfigurationIsVisible = 0;
			defaultConfigurationName = Release;
		};
/* End XCConfigurationList section */
	};
	rootObject = 95237AF927870E0800A824AE /* Project object */;
}
